
Microsoft Visual Studio Solution File, Format Version 12.00
# Visual Studio Version 17
VisualStudioVersion = 17.11.35303.130
MinimumVisualStudioVersion = 10.0.40219.1
Project("{2150E333-8FDC-42A3-9474-1A3956D46DE8}") = "Task0", "Task0", "{38DF891E-32CF-43CC-8266-E2B98934F237}"
EndProject
Project("{9A19103F-16F7-4668-BE54-9A1E7A4F7556}") = "Tyuiu.KonovalovVA.Sprint1.Task0.V23", "Tyuiu.KonovalovVA.Sprint1.Task0.V23\Tyuiu.KonovalovVA.Sprint1.Task0.V23.csproj", "{A78A6689-C7D7-4331-9D61-AE2A8540CA59}"
EndProject
Project("{9A19103F-16F7-4668-BE54-9A1E7A4F7556}") = "Tyuiu.KonovalovVA.Sprint1.Task0.V23.Lib", "Tyuiu.KonovalovVA.Sprint1.Task0.V23.Lib\Tyuiu.KonovalovVA.Sprint1.Task0.V23.Lib.csproj", "{94FAE779-F9FD-425D-BBF7-F9CA05AE20EE}"
EndProject
Project("{9A19103F-16F7-4668-BE54-9A1E7A4F7556}") = "Tyuiu.KonovalovVA.Sprint1.Task0.V23.Test", "Tyuiu.KonovalovVA.Sprint1.Task0.V23.Test\Tyuiu.KonovalovVA.Sprint1.Task0.V23.Test.csproj", "{BD497A40-1B8E-49A0-9E89-D085AD12ED5B}"
EndProject
Project("{2150E333-8FDC-42A3-9474-1A3956D46DE8}") = "Task1", "Task1", "{1B92EBBE-F5DD-4620-8F10-37385AB4994A}"
EndProject
Project("{9A19103F-16F7-4668-BE54-9A1E7A4F7556}") = "Tyuiu.KonovalovVA.Sprint1.Task1.V28", "Tyuiu.KonovalovVA.Sprint1.Task1.V28\Tyuiu.KonovalovVA.Sprint1.Task1.V28.csproj", "{0945BB29-1DCB-4796-AF34-CC050E7F7DF8}"
EndProject
Project("{9A19103F-16F7-4668-BE54-9A1E7A4F7556}") = "Tyuiu.KonovalovVA.Sprint1.Task1.V28.Lib", "Tyuiu.KonovalovVA.Sprint1.Task1.V28.Lib\Tyuiu.KonovalovVA.Sprint1.Task1.V28.Lib.csproj", "{7C5F1287-15A4-4799-8550-BF8A4BA06359}"
EndProject
Project("{9A19103F-16F7-4668-BE54-9A1E7A4F7556}") = "Tyuiu.KonovalovVA.Sprint1.Task1.V28.Test", "Tyuiu.KonovalovVA.Sprint1.Task1.V28.Test\Tyuiu.KonovalovVA.Sprint1.Task1.V28.Test.csproj", "{46124832-CC0B-49FF-8B98-E3C7AFC9009E}"
EndProject
Project("{2150E333-8FDC-42A3-9474-1A3956D46DE8}") = "Task2", "Task2", "{65D8F859-A834-4FB9-AA0C-079E37BEE18D}"
EndProject
Project("{9A19103F-16F7-4668-BE54-9A1E7A4F7556}") = "Tyuiu.KonovalovVA.Sprint1.Task2.V3", "Tyuiu.KonovalovVA.Sprint1.Task2.V3\Tyuiu.KonovalovVA.Sprint1.Task2.V3.csproj", "{00C2F131-D2D6-47B4-A2BD-00D76B4F1005}"
EndProject
Project("{9A19103F-16F7-4668-BE54-9A1E7A4F7556}") = "Tyuiu.KonovalovVA.Sprint1.Task2.V3.Lib", "Tyuiu.KonovalovVA.Sprint1.Task2.V3.Lib\Tyuiu.KonovalovVA.Sprint1.Task2.V3.Lib.csproj", "{4487A08E-7CD9-473B-A1F3-1D5C3D7B90D2}"
EndProject
Project("{9A19103F-16F7-4668-BE54-9A1E7A4F7556}") = "Tyuiu.KonovalovVA.Sprint1.Task2.V3.Test", "Tyuiu.KonovalovVA.Sprint1.Task2.V3.Test\Tyuiu.KonovalovVA.Sprint1.Task2.V3.Test.csproj", "{57538763-13AA-4959-91B0-E104953B3A99}"
EndProject
Project("{2150E333-8FDC-42A3-9474-1A3956D46DE8}") = "Task3", "Task3", "{F98F6CFA-8541-47BD-BF75-689CC231B76B}"
EndProject
Project("{FAE04EC0-301F-11D3-BF4B-00C04F79EFBC}") = "Tyuiu.KonovalovVA.Sprint1.Task3.V4", "Tyuiu.KonovalovVA.Sprint1.Task3.V4\Tyuiu.KonovalovVA.Sprint1.Task3.V4.csproj", "{0A9D3295-831B-4B5F-A084-FD32A2F71A10}"
EndProject
Project("{FAE04EC0-301F-11D3-BF4B-00C04F79EFBC}") = "Tyuiu.KonovalovVA.Sprint1.Task3.V4.Lib", "Tyuiu.KonovalovVA.Sprint1.Task3.V4.Lib\Tyuiu.KonovalovVA.Sprint1.Task3.V4.Lib.csproj", "{58A9532E-E761-40C3-92BB-A94DB4068001}"
EndProject
Project("{FAE04EC0-301F-11D3-BF4B-00C04F79EFBC}") = "Tyuiu.KonovalovVA.Sprint1.Task3.V4.Test", "Tyuiu.KonovalovVA.Sprint1.Task3.V4.Test\Tyuiu.KonovalovVA.Sprint1.Task3.V4.Test.csproj", "{23E28ACE-E250-4392-9226-BDAE137CD8EC}"
EndProject
Project("{2150E333-8FDC-42A3-9474-1A3956D46DE8}") = "Task4", "Task4", "{85EC4A6D-62A0-494E-97E8-CEBFD5C5D2D2}"
EndProject
Project("{FAE04EC0-301F-11D3-BF4B-00C04F79EFBC}") = "Tyuiu.KonovalovVA.Sprint1.Task4.V5", "Tyuiu.KonovalovVA.Sprint1.Task4.V5\Tyuiu.KonovalovVA.Sprint1.Task4.V5.csproj", "{DCAE80E4-B1F7-4510-960A-E94D751559B4}"
EndProject
Project("{FAE04EC0-301F-11D3-BF4B-00C04F79EFBC}") = "Tyuiu.KonovalovVA.Sprint1.Task4.V5.Lib", "Tyuiu.KonovalovVA.Sprint1.Task4.V5.Lib\Tyuiu.KonovalovVA.Sprint1.Task4.V5.Lib.csproj", "{AEA3CC02-105E-4EB1-ABA2-E266227D01C6}"
EndProject
Project("{FAE04EC0-301F-11D3-BF4B-00C04F79EFBC}") = "Tyuiu.KonovalovVA.Sprint1.Task4.V5.Test", "Tyuiu.KonovalovVA.Sprint1.Task4.V5.Test\Tyuiu.KonovalovVA.Sprint1.Task4.V5.Test.csproj", "{784391FC-9F9E-4BCB-9CA9-9BC19FA17E1C}"
EndProject
Project("{2150E333-8FDC-42A3-9474-1A3956D46DE8}") = "Task5", "Task5", "{410D7D93-0652-4FC2-B270-A0CC62739896}"
EndProject
Project("{FAE04EC0-301F-11D3-BF4B-00C04F79EFBC}") = "Tyuiu.KonovalovVA.Sprint1.Task5.V1", "Tyuiu.KonovalovVA.Sprint1.Task5.V1\Tyuiu.KonovalovVA.Sprint1.Task5.V1.csproj", "{47B0008A-3A74-4CD7-83BF-0AC54DFE06DE}"
EndProject
Project("{FAE04EC0-301F-11D3-BF4B-00C04F79EFBC}") = "Tyuiu.KonovalovVA.Sprint1.Task5.V1.Lib", "Tyuiu.KonovalovVA.Sprint1.Task5.V1.Lib\Tyuiu.KonovalovVA.Sprint1.Task5.V1.Lib.csproj", "{8604B8D8-3925-452A-86FA-9A4D35710F5F}"
EndProject
Project("{FAE04EC0-301F-11D3-BF4B-00C04F79EFBC}") = "Tyuiu.KonovalovVA.Sprint1.Task5.V1.Test", "Tyuiu.KonovalovVA.Sprint1.Task5.V1.Test\Tyuiu.KonovalovVA.Sprint1.Task5.V1.Test.csproj", "{DF97EEAB-4A4C-4D60-BCEC-087532A4BEB3}"
EndProject
Project("{2150E333-8FDC-42A3-9474-1A3956D46DE8}") = "Task6", "Task6", "{EAD293F4-6C56-4FDC-B3CA-F553B62E0624}"
EndProject
Project("{FAE04EC0-301F-11D3-BF4B-00C04F79EFBC}") = "Tyuiu.KonovalovVA.Sprint1.Task6.V11", "Tyuiu.KonovalovVA.Sprint1.Task6.V11\Tyuiu.KonovalovVA.Sprint1.Task6.V11.csproj", "{F99C9377-B147-439F-AB0E-EA50ED1048E4}"
EndProject
Project("{FAE04EC0-301F-11D3-BF4B-00C04F79EFBC}") = "Tyuiu.KonovalovVA.Sprint1.Task6.V11.Lib", "Tyuiu.KonovalovVA.Sprint1.Task6.V11.Lib\Tyuiu.KonovalovVA.Sprint1.Task6.V11.Lib.csproj", "{B81CFEA7-0851-4796-ADDA-3B3F8DEA62EF}"
EndProject
Project("{FAE04EC0-301F-11D3-BF4B-00C04F79EFBC}") = "Tyuiu.KonovalovVA.Sprint1.Task6.V11.Test", "Tyuiu.KonovalovVA.Sprint1.Task6.V11.Test\Tyuiu.KonovalovVA.Sprint1.Task6.V11.Test.csproj", "{9999556C-CF16-4E48-831B-BA2F609B0A7F}"
EndProject
Global
	GlobalSection(SolutionConfigurationPlatforms) = preSolution
		Debug|Any CPU = Debug|Any CPU
		Release|Any CPU = Release|Any CPU
	EndGlobalSection
	GlobalSection(ProjectConfigurationPlatforms) = postSolution
		{A78A6689-C7D7-4331-9D61-AE2A8540CA59}.Debug|Any CPU.ActiveCfg = Debug|Any CPU
		{A78A6689-C7D7-4331-9D61-AE2A8540CA59}.Debug|Any CPU.Build.0 = Debug|Any CPU
		{A78A6689-C7D7-4331-9D61-AE2A8540CA59}.Release|Any CPU.ActiveCfg = Release|Any CPU
		{A78A6689-C7D7-4331-9D61-AE2A8540CA59}.Release|Any CPU.Build.0 = Release|Any CPU
		{94FAE779-F9FD-425D-BBF7-F9CA05AE20EE}.Debug|Any CPU.ActiveCfg = Debug|Any CPU
		{94FAE779-F9FD-425D-BBF7-F9CA05AE20EE}.Debug|Any CPU.Build.0 = Debug|Any CPU
		{94FAE779-F9FD-425D-BBF7-F9CA05AE20EE}.Release|Any CPU.ActiveCfg = Release|Any CPU
		{94FAE779-F9FD-425D-BBF7-F9CA05AE20EE}.Release|Any CPU.Build.0 = Release|Any CPU
		{BD497A40-1B8E-49A0-9E89-D085AD12ED5B}.Debug|Any CPU.ActiveCfg = Debug|Any CPU
		{BD497A40-1B8E-49A0-9E89-D085AD12ED5B}.Debug|Any CPU.Build.0 = Debug|Any CPU
		{BD497A40-1B8E-49A0-9E89-D085AD12ED5B}.Release|Any CPU.ActiveCfg = Release|Any CPU
		{BD497A40-1B8E-49A0-9E89-D085AD12ED5B}.Release|Any CPU.Build.0 = Release|Any CPU
		{0945BB29-1DCB-4796-AF34-CC050E7F7DF8}.Debug|Any CPU.ActiveCfg = Debug|Any CPU
		{0945BB29-1DCB-4796-AF34-CC050E7F7DF8}.Debug|Any CPU.Build.0 = Debug|Any CPU
		{0945BB29-1DCB-4796-AF34-CC050E7F7DF8}.Release|Any CPU.ActiveCfg = Release|Any CPU
		{0945BB29-1DCB-4796-AF34-CC050E7F7DF8}.Release|Any CPU.Build.0 = Release|Any CPU
		{7C5F1287-15A4-4799-8550-BF8A4BA06359}.Debug|Any CPU.ActiveCfg = Debug|Any CPU
		{7C5F1287-15A4-4799-8550-BF8A4BA06359}.Debug|Any CPU.Build.0 = Debug|Any CPU
		{7C5F1287-15A4-4799-8550-BF8A4BA06359}.Release|Any CPU.ActiveCfg = Release|Any CPU
		{7C5F1287-15A4-4799-8550-BF8A4BA06359}.Release|Any CPU.Build.0 = Release|Any CPU
		{46124832-CC0B-49FF-8B98-E3C7AFC9009E}.Debug|Any CPU.ActiveCfg = Debug|Any CPU
		{46124832-CC0B-49FF-8B98-E3C7AFC9009E}.Debug|Any CPU.Build.0 = Debug|Any CPU
		{46124832-CC0B-49FF-8B98-E3C7AFC9009E}.Release|Any CPU.ActiveCfg = Release|Any CPU
		{46124832-CC0B-49FF-8B98-E3C7AFC9009E}.Release|Any CPU.Build.0 = Release|Any CPU
		{00C2F131-D2D6-47B4-A2BD-00D76B4F1005}.Debug|Any CPU.ActiveCfg = Debug|Any CPU
		{00C2F131-D2D6-47B4-A2BD-00D76B4F1005}.Debug|Any CPU.Build.0 = Debug|Any CPU
		{00C2F131-D2D6-47B4-A2BD-00D76B4F1005}.Release|Any CPU.ActiveCfg = Release|Any CPU
		{00C2F131-D2D6-47B4-A2BD-00D76B4F1005}.Release|Any CPU.Build.0 = Release|Any CPU
		{4487A08E-7CD9-473B-A1F3-1D5C3D7B90D2}.Debug|Any CPU.ActiveCfg = Debug|Any CPU
		{4487A08E-7CD9-473B-A1F3-1D5C3D7B90D2}.Debug|Any CPU.Build.0 = Debug|Any CPU
		{4487A08E-7CD9-473B-A1F3-1D5C3D7B90D2}.Release|Any CPU.ActiveCfg = Release|Any CPU
		{4487A08E-7CD9-473B-A1F3-1D5C3D7B90D2}.Release|Any CPU.Build.0 = Release|Any CPU
		{57538763-13AA-4959-91B0-E104953B3A99}.Debug|Any CPU.ActiveCfg = Debug|Any CPU
		{57538763-13AA-4959-91B0-E104953B3A99}.Debug|Any CPU.Build.0 = Debug|Any CPU
		{57538763-13AA-4959-91B0-E104953B3A99}.Release|Any CPU.ActiveCfg = Release|Any CPU
		{57538763-13AA-4959-91B0-E104953B3A99}.Release|Any CPU.Build.0 = Release|Any CPU
		{0A9D3295-831B-4B5F-A084-FD32A2F71A10}.Debug|Any CPU.ActiveCfg = Debug|Any CPU
		{0A9D3295-831B-4B5F-A084-FD32A2F71A10}.Debug|Any CPU.Build.0 = Debug|Any CPU
		{0A9D3295-831B-4B5F-A084-FD32A2F71A10}.Release|Any CPU.ActiveCfg = Release|Any CPU
		{0A9D3295-831B-4B5F-A084-FD32A2F71A10}.Release|Any CPU.Build.0 = Release|Any CPU
		{58A9532E-E761-40C3-92BB-A94DB4068001}.Debug|Any CPU.ActiveCfg = Debug|Any CPU
		{58A9532E-E761-40C3-92BB-A94DB4068001}.Debug|Any CPU.Build.0 = Debug|Any CPU
		{58A9532E-E761-40C3-92BB-A94DB4068001}.Release|Any CPU.ActiveCfg = Release|Any CPU
		{58A9532E-E761-40C3-92BB-A94DB4068001}.Release|Any CPU.Build.0 = Release|Any CPU
		{23E28ACE-E250-4392-9226-BDAE137CD8EC}.Debug|Any CPU.ActiveCfg = Debug|Any CPU
		{23E28ACE-E250-4392-9226-BDAE137CD8EC}.Debug|Any CPU.Build.0 = Debug|Any CPU
		{23E28ACE-E250-4392-9226-BDAE137CD8EC}.Release|Any CPU.ActiveCfg = Release|Any CPU
		{23E28ACE-E250-4392-9226-BDAE137CD8EC}.Release|Any CPU.Build.0 = Release|Any CPU
		{DCAE80E4-B1F7-4510-960A-E94D751559B4}.Debug|Any CPU.ActiveCfg = Debug|Any CPU
		{DCAE80E4-B1F7-4510-960A-E94D751559B4}.Debug|Any CPU.Build.0 = Debug|Any CPU
		{DCAE80E4-B1F7-4510-960A-E94D751559B4}.Release|Any CPU.ActiveCfg = Release|Any CPU
		{DCAE80E4-B1F7-4510-960A-E94D751559B4}.Release|Any CPU.Build.0 = Release|Any CPU
		{AEA3CC02-105E-4EB1-ABA2-E266227D01C6}.Debug|Any CPU.ActiveCfg = Debug|Any CPU
		{AEA3CC02-105E-4EB1-ABA2-E266227D01C6}.Debug|Any CPU.Build.0 = Debug|Any CPU
		{AEA3CC02-105E-4EB1-ABA2-E266227D01C6}.Release|Any CPU.ActiveCfg = Release|Any CPU
		{AEA3CC02-105E-4EB1-ABA2-E266227D01C6}.Release|Any CPU.Build.0 = Release|Any CPU
		{784391FC-9F9E-4BCB-9CA9-9BC19FA17E1C}.Debug|Any CPU.ActiveCfg = Debug|Any CPU
		{784391FC-9F9E-4BCB-9CA9-9BC19FA17E1C}.Debug|Any CPU.Build.0 = Debug|Any CPU
		{784391FC-9F9E-4BCB-9CA9-9BC19FA17E1C}.Release|Any CPU.ActiveCfg = Release|Any CPU
		{784391FC-9F9E-4BCB-9CA9-9BC19FA17E1C}.Release|Any CPU.Build.0 = Release|Any CPU
		{47B0008A-3A74-4CD7-83BF-0AC54DFE06DE}.Debug|Any CPU.ActiveCfg = Debug|Any CPU
		{47B0008A-3A74-4CD7-83BF-0AC54DFE06DE}.Debug|Any CPU.Build.0 = Debug|Any CPU
		{47B0008A-3A74-4CD7-83BF-0AC54DFE06DE}.Release|Any CPU.ActiveCfg = Release|Any CPU
		{47B0008A-3A74-4CD7-83BF-0AC54DFE06DE}.Release|Any CPU.Build.0 = Release|Any CPU
		{8604B8D8-3925-452A-86FA-9A4D35710F5F}.Debug|Any CPU.ActiveCfg = Debug|Any CPU
		{8604B8D8-3925-452A-86FA-9A4D35710F5F}.Debug|Any CPU.Build.0 = Debug|Any CPU
		{8604B8D8-3925-452A-86FA-9A4D35710F5F}.Release|Any CPU.ActiveCfg = Release|Any CPU
		{8604B8D8-3925-452A-86FA-9A4D35710F5F}.Release|Any CPU.Build.0 = Release|Any CPU
		{DF97EEAB-4A4C-4D60-BCEC-087532A4BEB3}.Debug|Any CPU.ActiveCfg = Debug|Any CPU
		{DF97EEAB-4A4C-4D60-BCEC-087532A4BEB3}.Debug|Any CPU.Build.0 = Debug|Any CPU
		{DF97EEAB-4A4C-4D60-BCEC-087532A4BEB3}.Release|Any CPU.ActiveCfg = Release|Any CPU
		{DF97EEAB-4A4C-4D60-BCEC-087532A4BEB3}.Release|Any CPU.Build.0 = Release|Any CPU
		{F99C9377-B147-439F-AB0E-EA50ED1048E4}.Debug|Any CPU.ActiveCfg = Debug|Any CPU
		{F99C9377-B147-439F-AB0E-EA50ED1048E4}.Debug|Any CPU.Build.0 = Debug|Any CPU
		{F99C9377-B147-439F-AB0E-EA50ED1048E4}.Release|Any CPU.ActiveCfg = Release|Any CPU
		{F99C9377-B147-439F-AB0E-EA50ED1048E4}.Release|Any CPU.Build.0 = Release|Any CPU
		{B81CFEA7-0851-4796-ADDA-3B3F8DEA62EF}.Debug|Any CPU.ActiveCfg = Debug|Any CPU
		{B81CFEA7-0851-4796-ADDA-3B3F8DEA62EF}.Debug|Any CPU.Build.0 = Debug|Any CPU
		{B81CFEA7-0851-4796-ADDA-3B3F8DEA62EF}.Release|Any CPU.ActiveCfg = Release|Any CPU
		{B81CFEA7-0851-4796-ADDA-3B3F8DEA62EF}.Release|Any CPU.Build.0 = Release|Any CPU
		{9999556C-CF16-4E48-831B-BA2F609B0A7F}.Debug|Any CPU.ActiveCfg = Debug|Any CPU
		{9999556C-CF16-4E48-831B-BA2F609B0A7F}.Debug|Any CPU.Build.0 = Debug|Any CPU
		{9999556C-CF16-4E48-831B-BA2F609B0A7F}.Release|Any CPU.ActiveCfg = Release|Any CPU
		{9999556C-CF16-4E48-831B-BA2F609B0A7F}.Release|Any CPU.Build.0 = Release|Any CPU
	EndGlobalSection
	GlobalSection(SolutionProperties) = preSolution
		HideSolutionNode = FALSE
	EndGlobalSection
	GlobalSection(NestedProjects) = preSolution
		{A78A6689-C7D7-4331-9D61-AE2A8540CA59} = {38DF891E-32CF-43CC-8266-E2B98934F237}
		{94FAE779-F9FD-425D-BBF7-F9CA05AE20EE} = {38DF891E-32CF-43CC-8266-E2B98934F237}
		{BD497A40-1B8E-49A0-9E89-D085AD12ED5B} = {38DF891E-32CF-43CC-8266-E2B98934F237}
		{0945BB29-1DCB-4796-AF34-CC050E7F7DF8} = {1B92EBBE-F5DD-4620-8F10-37385AB4994A}
		{7C5F1287-15A4-4799-8550-BF8A4BA06359} = {1B92EBBE-F5DD-4620-8F10-37385AB4994A}
		{46124832-CC0B-49FF-8B98-E3C7AFC9009E} = {1B92EBBE-F5DD-4620-8F10-37385AB4994A}
		{00C2F131-D2D6-47B4-A2BD-00D76B4F1005} = {65D8F859-A834-4FB9-AA0C-079E37BEE18D}
		{4487A08E-7CD9-473B-A1F3-1D5C3D7B90D2} = {65D8F859-A834-4FB9-AA0C-079E37BEE18D}
		{57538763-13AA-4959-91B0-E104953B3A99} = {65D8F859-A834-4FB9-AA0C-079E37BEE18D}
		{0A9D3295-831B-4B5F-A084-FD32A2F71A10} = {F98F6CFA-8541-47BD-BF75-689CC231B76B}
		{58A9532E-E761-40C3-92BB-A94DB4068001} = {F98F6CFA-8541-47BD-BF75-689CC231B76B}
		{23E28ACE-E250-4392-9226-BDAE137CD8EC} = {F98F6CFA-8541-47BD-BF75-689CC231B76B}
		{DCAE80E4-B1F7-4510-960A-E94D751559B4} = {85EC4A6D-62A0-494E-97E8-CEBFD5C5D2D2}
		{AEA3CC02-105E-4EB1-ABA2-E266227D01C6} = {85EC4A6D-62A0-494E-97E8-CEBFD5C5D2D2}
		{784391FC-9F9E-4BCB-9CA9-9BC19FA17E1C} = {85EC4A6D-62A0-494E-97E8-CEBFD5C5D2D2}
		{47B0008A-3A74-4CD7-83BF-0AC54DFE06DE} = {410D7D93-0652-4FC2-B270-A0CC62739896}
		{8604B8D8-3925-452A-86FA-9A4D35710F5F} = {410D7D93-0652-4FC2-B270-A0CC62739896}
		{DF97EEAB-4A4C-4D60-BCEC-087532A4BEB3} = {410D7D93-0652-4FC2-B270-A0CC62739896}
		{F99C9377-B147-439F-AB0E-EA50ED1048E4} = {EAD293F4-6C56-4FDC-B3CA-F553B62E0624}
		{B81CFEA7-0851-4796-ADDA-3B3F8DEA62EF} = {EAD293F4-6C56-4FDC-B3CA-F553B62E0624}
		{9999556C-CF16-4E48-831B-BA2F609B0A7F} = {EAD293F4-6C56-4FDC-B3CA-F553B62E0624}
	EndGlobalSection
	GlobalSection(ExtensibilityGlobals) = postSolution
		SolutionGuid = {C641C57D-FDDC-4CC4-B79B-2AFC76455564}
	EndGlobalSection
EndGlobal
